
Microsoft Visual Studio Solution File, Format Version 12.00
# Visual Studio Version 17
VisualStudioVersion = 17.2.32526.322
MinimumVisualStudioVersion = 10.0.40219.1
Project("{FAE04EC0-301F-11D3-BF4B-00C04F79EFBC}") = "Weather", "Weather\Weather.csproj", "{025AE76B-3E1C-410F-A064-EB89083093D9}"
EndProject
Global
	GlobalSection(SolutionConfigurationPlatforms) = preSolution
		Debug|Any CPU = Debug|Any CPU
		Release|Any CPU = Release|Any CPU
	EndGlobalSection
	GlobalSection(ProjectConfigurationPlatforms) = postSolution
		{025AE76B-3E1C-410F-A064-EB89083093D9}.Debug|Any CPU.ActiveCfg = Debug|Any CPU
		{025AE76B-3E1C-410F-A064-EB89083093D9}.Debug|Any CPU.Build.0 = Debug|Any CPU
		{025AE76B-3E1C-410F-A064-EB89083093D9}.Release|Any CPU.ActiveCfg = Release|Any CPU
		{025AE76B-3E1C-410F-A064-EB89083093D9}.Release|Any CPU.Build.0 = Release|Any CPU
	EndGlobalSection
	GlobalSection(SolutionProperties) = preSolution
		HideSolutionNode = FALSE
	EndGlobalSection
	GlobalSection(ExtensibilityGlobals) = postSolution
		SolutionGuid = {2D46F5C7-DDC4-4144-9515-97B7E11FAE73}
	EndGlobalSection
EndGlobal
